
Microsoft Visual Studio Solution File, Format Version 12.00
# Visual Studio 15
VisualStudioVersion = 15.0.27130.2024
MinimumVisualStudioVersion = 10.0.40219.1
Project("{FAE04EC0-301F-11D3-BF4B-00C04F79EFBC}") = "01_PersonalTitle", "01_PersonalTitle\01_PersonalTitle.csproj", "{D3AF3EAB-F70B-42CF-AC1C-DAA1A29B41CE}"
EndProject
Project("{FAE04EC0-301F-11D3-BF4B-00C04F79EFBC}") = "02_SmallShop", "02_SmallShop\02_SmallShop.csproj", "{51339B92-44AF-4770-8634-6088FDC6432E}"
EndProject
Project("{FAE04EC0-301F-11D3-BF4B-00C04F79EFBC}") = "03_PointInRectangle", "03_PointInRectangle\03_PointInRectangle.csproj", "{803DFFA3-F331-4492-A247-DF7EB6D3870F}"
EndProject
Project("{FAE04EC0-301F-11D3-BF4B-00C04F79EFBC}") = "04_FruitOrVegetable", "04_FruitOrVegetable\04_FruitOrVegetable.csproj", "{19D3C365-FBA7-4E2F-B899-66B5C9C40A6A}"
EndProject
Project("{FAE04EC0-301F-11D3-BF4B-00C04F79EFBC}") = "05_InvalidNumber", "05_InvalidNumber\05_InvalidNumber.csproj", "{BC3EC203-71F8-4C62-AB9A-7C149C52EB13}"
EndProject
Project("{FAE04EC0-301F-11D3-BF4B-00C04F79EFBC}") = "06_PointOnRectangleBorder", "06_PointOnRectangleBorder\06_PointOnRectangleBorder.csproj", "{50E39B62-99F3-4379-90FC-5D0DCAC0F9A9}"
EndProject
Project("{FAE04EC0-301F-11D3-BF4B-00C04F79EFBC}") = "07_FruitShop", "07_FruitShop\07_FruitShop.csproj", "{9716EB3F-EB9E-476D-891E-976456EBFF06}"
EndProject
Project("{FAE04EC0-301F-11D3-BF4B-00C04F79EFBC}") = "08_TradeCommission", "08_TradeCommission\08_TradeCommission.csproj", "{B2FBFD25-DCE4-448A-9E5B-E3F6B2AD7188}"
EndProject
Project("{FAE04EC0-301F-11D3-BF4B-00C04F79EFBC}") = "09_DayOfWeek", "09_DayOfWeek\09_DayOfWeek.csproj", "{C8B2EFB1-1B33-43B7-A6FD-75E8CA00CA5E}"
EndProject
Project("{FAE04EC0-301F-11D3-BF4B-00C04F79EFBC}") = "10_AnimalType", "10_AnimalType\10_AnimalType.csproj", "{C2ADA983-013A-496D-A647-C434FC05C69E}"
EndProject
Project("{FAE04EC0-301F-11D3-BF4B-00C04F79EFBC}") = "11_Cinema", "11_Cinema\11_Cinema.csproj", "{30502184-1D5E-4889-8C6B-B144B6D9C77C}"
EndProject
Project("{FAE04EC0-301F-11D3-BF4B-00C04F79EFBC}") = "12_VolleyBall", "12_VolleyBall\12_VolleyBall.csproj", "{756899FF-6B9D-407A-8E84-B0D1C52DF198}"
EndProject
Project("{FAE04EC0-301F-11D3-BF4B-00C04F79EFBC}") = "13_PointInAFigure", "13_PointInAFigure\13_PointInAFigure.csproj", "{2E8AE5A0-BDC1-4327-9AC4-89E43E0D5665}"
EndProject
Project("{FAE04EC0-301F-11D3-BF4B-00C04F79EFBC}") = "14_InTimeForTheExam", "14_InTimeForTheExam\14_InTimeForTheExam.csproj", "{338D05C2-5801-4B02-A03D-30F5FD80C798}"
EndProject
Project("{FAE04EC0-301F-11D3-BF4B-00C04F79EFBC}") = "15_journey", "15_journey\15_journey.csproj", "{D309E736-5415-4880-9C15-FDB698502848}"
EndProject
Project("{FAE04EC0-301F-11D3-BF4B-00C04F79EFBC}") = "16_NumberOperations", "16_NumberOperations\16_NumberOperations.csproj", "{D3872F4A-9872-4854-A895-3C9FE9DA8097}"
EndProject
Project("{FAE04EC0-301F-11D3-BF4B-00C04F79EFBC}") = "17_Tickets", "17_Tickets\17_Tickets.csproj", "{3230A0BB-33A6-4257-A274-0542F6CB90F1}"
EndProject
Project("{FAE04EC0-301F-11D3-BF4B-00C04F79EFBC}") = "18_HotelRoom", "18_HotelRoom\18_HotelRoom.csproj", "{099E0DEA-418E-4A15-8162-62863A103530}"
EndProject
Global
	GlobalSection(SolutionConfigurationPlatforms) = preSolution
		Debug|Any CPU = Debug|Any CPU
		Release|Any CPU = Release|Any CPU
	EndGlobalSection
	GlobalSection(ProjectConfigurationPlatforms) = postSolution
		{D3AF3EAB-F70B-42CF-AC1C-DAA1A29B41CE}.Debug|Any CPU.ActiveCfg = Debug|Any CPU
		{D3AF3EAB-F70B-42CF-AC1C-DAA1A29B41CE}.Debug|Any CPU.Build.0 = Debug|Any CPU
		{D3AF3EAB-F70B-42CF-AC1C-DAA1A29B41CE}.Release|Any CPU.ActiveCfg = Release|Any CPU
		{D3AF3EAB-F70B-42CF-AC1C-DAA1A29B41CE}.Release|Any CPU.Build.0 = Release|Any CPU
		{51339B92-44AF-4770-8634-6088FDC6432E}.Debug|Any CPU.ActiveCfg = Debug|Any CPU
		{51339B92-44AF-4770-8634-6088FDC6432E}.Debug|Any CPU.Build.0 = Debug|Any CPU
		{51339B92-44AF-4770-8634-6088FDC6432E}.Release|Any CPU.ActiveCfg = Release|Any CPU
		{51339B92-44AF-4770-8634-6088FDC6432E}.Release|Any CPU.Build.0 = Release|Any CPU
		{803DFFA3-F331-4492-A247-DF7EB6D3870F}.Debug|Any CPU.ActiveCfg = Debug|Any CPU
		{803DFFA3-F331-4492-A247-DF7EB6D3870F}.Debug|Any CPU.Build.0 = Debug|Any CPU
		{803DFFA3-F331-4492-A247-DF7EB6D3870F}.Release|Any CPU.ActiveCfg = Release|Any CPU
		{803DFFA3-F331-4492-A247-DF7EB6D3870F}.Release|Any CPU.Build.0 = Release|Any CPU
		{19D3C365-FBA7-4E2F-B899-66B5C9C40A6A}.Debug|Any CPU.ActiveCfg = Debug|Any CPU
		{19D3C365-FBA7-4E2F-B899-66B5C9C40A6A}.Debug|Any CPU.Build.0 = Debug|Any CPU
		{19D3C365-FBA7-4E2F-B899-66B5C9C40A6A}.Release|Any CPU.ActiveCfg = Release|Any CPU
		{19D3C365-FBA7-4E2F-B899-66B5C9C40A6A}.Release|Any CPU.Build.0 = Release|Any CPU
		{BC3EC203-71F8-4C62-AB9A-7C149C52EB13}.Debug|Any CPU.ActiveCfg = Debug|Any CPU
		{BC3EC203-71F8-4C62-AB9A-7C149C52EB13}.Debug|Any CPU.Build.0 = Debug|Any CPU
		{BC3EC203-71F8-4C62-AB9A-7C149C52EB13}.Release|Any CPU.ActiveCfg = Release|Any CPU
		{BC3EC203-71F8-4C62-AB9A-7C149C52EB13}.Release|Any CPU.Build.0 = Release|Any CPU
		{50E39B62-99F3-4379-90FC-5D0DCAC0F9A9}.Debug|Any CPU.ActiveCfg = Debug|Any CPU
		{50E39B62-99F3-4379-90FC-5D0DCAC0F9A9}.Debug|Any CPU.Build.0 = Debug|Any CPU
		{50E39B62-99F3-4379-90FC-5D0DCAC0F9A9}.Release|Any CPU.ActiveCfg = Release|Any CPU
		{50E39B62-99F3-4379-90FC-5D0DCAC0F9A9}.Release|Any CPU.Build.0 = Release|Any CPU
		{9716EB3F-EB9E-476D-891E-976456EBFF06}.Debug|Any CPU.ActiveCfg = Debug|Any CPU
		{9716EB3F-EB9E-476D-891E-976456EBFF06}.Debug|Any CPU.Build.0 = Debug|Any CPU
		{9716EB3F-EB9E-476D-891E-976456EBFF06}.Release|Any CPU.ActiveCfg = Release|Any CPU
		{9716EB3F-EB9E-476D-891E-976456EBFF06}.Release|Any CPU.Build.0 = Release|Any CPU
		{B2FBFD25-DCE4-448A-9E5B-E3F6B2AD7188}.Debug|Any CPU.ActiveCfg = Debug|Any CPU
		{B2FBFD25-DCE4-448A-9E5B-E3F6B2AD7188}.Debug|Any CPU.Build.0 = Debug|Any CPU
		{B2FBFD25-DCE4-448A-9E5B-E3F6B2AD7188}.Release|Any CPU.ActiveCfg = Release|Any CPU
		{B2FBFD25-DCE4-448A-9E5B-E3F6B2AD7188}.Release|Any CPU.Build.0 = Release|Any CPU
		{C8B2EFB1-1B33-43B7-A6FD-75E8CA00CA5E}.Debug|Any CPU.ActiveCfg = Debug|Any CPU
		{C8B2EFB1-1B33-43B7-A6FD-75E8CA00CA5E}.Debug|Any CPU.Build.0 = Debug|Any CPU
		{C8B2EFB1-1B33-43B7-A6FD-75E8CA00CA5E}.Release|Any CPU.ActiveCfg = Release|Any CPU
		{C8B2EFB1-1B33-43B7-A6FD-75E8CA00CA5E}.Release|Any CPU.Build.0 = Release|Any CPU
		{C2ADA983-013A-496D-A647-C434FC05C69E}.Debug|Any CPU.ActiveCfg = Debug|Any CPU
		{C2ADA983-013A-496D-A647-C434FC05C69E}.Debug|Any CPU.Build.0 = Debug|Any CPU
		{C2ADA983-013A-496D-A647-C434FC05C69E}.Release|Any CPU.ActiveCfg = Release|Any CPU
		{C2ADA983-013A-496D-A647-C434FC05C69E}.Release|Any CPU.Build.0 = Release|Any CPU
		{30502184-1D5E-4889-8C6B-B144B6D9C77C}.Debug|Any CPU.ActiveCfg = Debug|Any CPU
		{30502184-1D5E-4889-8C6B-B144B6D9C77C}.Debug|Any CPU.Build.0 = Debug|Any CPU
		{30502184-1D5E-4889-8C6B-B144B6D9C77C}.Release|Any CPU.ActiveCfg = Release|Any CPU
		{30502184-1D5E-4889-8C6B-B144B6D9C77C}.Release|Any CPU.Build.0 = Release|Any CPU
		{756899FF-6B9D-407A-8E84-B0D1C52DF198}.Debug|Any CPU.ActiveCfg = Debug|Any CPU
		{756899FF-6B9D-407A-8E84-B0D1C52DF198}.Debug|Any CPU.Build.0 = Debug|Any CPU
		{756899FF-6B9D-407A-8E84-B0D1C52DF198}.Release|Any CPU.ActiveCfg = Release|Any CPU
		{756899FF-6B9D-407A-8E84-B0D1C52DF198}.Release|Any CPU.Build.0 = Release|Any CPU
		{2E8AE5A0-BDC1-4327-9AC4-89E43E0D5665}.Debug|Any CPU.ActiveCfg = Debug|Any CPU
		{2E8AE5A0-BDC1-4327-9AC4-89E43E0D5665}.Debug|Any CPU.Build.0 = Debug|Any CPU
		{2E8AE5A0-BDC1-4327-9AC4-89E43E0D5665}.Release|Any CPU.ActiveCfg = Release|Any CPU
		{2E8AE5A0-BDC1-4327-9AC4-89E43E0D5665}.Release|Any CPU.Build.0 = Release|Any CPU
		{338D05C2-5801-4B02-A03D-30F5FD80C798}.Debug|Any CPU.ActiveCfg = Debug|Any CPU
		{338D05C2-5801-4B02-A03D-30F5FD80C798}.Debug|Any CPU.Build.0 = Debug|Any CPU
		{338D05C2-5801-4B02-A03D-30F5FD80C798}.Release|Any CPU.ActiveCfg = Release|Any CPU
		{338D05C2-5801-4B02-A03D-30F5FD80C798}.Release|Any CPU.Build.0 = Release|Any CPU
		{D309E736-5415-4880-9C15-FDB698502848}.Debug|Any CPU.ActiveCfg = Debug|Any CPU
		{D309E736-5415-4880-9C15-FDB698502848}.Debug|Any CPU.Build.0 = Debug|Any CPU
		{D309E736-5415-4880-9C15-FDB698502848}.Release|Any CPU.ActiveCfg = Release|Any CPU
		{D309E736-5415-4880-9C15-FDB698502848}.Release|Any CPU.Build.0 = Release|Any CPU
		{D3872F4A-9872-4854-A895-3C9FE9DA8097}.Debug|Any CPU.ActiveCfg = Debug|Any CPU
		{D3872F4A-9872-4854-A895-3C9FE9DA8097}.Debug|Any CPU.Build.0 = Debug|Any CPU
		{D3872F4A-9872-4854-A895-3C9FE9DA8097}.Release|Any CPU.ActiveCfg = Release|Any CPU
		{D3872F4A-9872-4854-A895-3C9FE9DA8097}.Release|Any CPU.Build.0 = Release|Any CPU
		{3230A0BB-33A6-4257-A274-0542F6CB90F1}.Debug|Any CPU.ActiveCfg = Debug|Any CPU
		{3230A0BB-33A6-4257-A274-0542F6CB90F1}.Debug|Any CPU.Build.0 = Debug|Any CPU
		{3230A0BB-33A6-4257-A274-0542F6CB90F1}.Release|Any CPU.ActiveCfg = Release|Any CPU
		{3230A0BB-33A6-4257-A274-0542F6CB90F1}.Release|Any CPU.Build.0 = Release|Any CPU
		{099E0DEA-418E-4A15-8162-62863A103530}.Debug|Any CPU.ActiveCfg = Debug|Any CPU
		{099E0DEA-418E-4A15-8162-62863A103530}.Debug|Any CPU.Build.0 = Debug|Any CPU
		{099E0DEA-418E-4A15-8162-62863A103530}.Release|Any CPU.ActiveCfg = Release|Any CPU
		{099E0DEA-418E-4A15-8162-62863A103530}.Release|Any CPU.Build.0 = Release|Any CPU
	EndGlobalSection
	GlobalSection(SolutionProperties) = preSolution
		HideSolutionNode = FALSE
	EndGlobalSection
	GlobalSection(ExtensibilityGlobals) = postSolution
		SolutionGuid = {DAA3FC00-A6B5-411C-BABD-36FD02D97C2E}
	EndGlobalSection
EndGlobal
