
Microsoft Visual Studio Solution File, Format Version 12.00
# Visual Studio 15
VisualStudioVersion = 15.0.27130.2024
MinimumVisualStudioVersion = 10.0.40219.1
Project("{FAE04EC0-301F-11D3-BF4B-00C04F79EFBC}") = "BankAccount", "BankAccount\BankAccount.csproj", "{1B72CCEE-4AFE-4DD5-8C62-3F102BF8160E}"
EndProject
Global
	GlobalSection(SolutionConfigurationPlatforms) = preSolution
		Debug|Any CPU = Debug|Any CPU
		Release|Any CPU = Release|Any CPU
	EndGlobalSection
	GlobalSection(ProjectConfigurationPlatforms) = postSolution
		{1B72CCEE-4AFE-4DD5-8C62-3F102BF8160E}.Debug|Any CPU.ActiveCfg = Debug|Any CPU
		{1B72CCEE-4AFE-4DD5-8C62-3F102BF8160E}.Debug|Any CPU.Build.0 = Debug|Any CPU
		{1B72CCEE-4AFE-4DD5-8C62-3F102BF8160E}.Release|Any CPU.ActiveCfg = Release|Any CPU
		{1B72CCEE-4AFE-4DD5-8C62-3F102BF8160E}.Release|Any CPU.Build.0 = Release|Any CPU
	EndGlobalSection
	GlobalSection(SolutionProperties) = preSolution
		HideSolutionNode = FALSE
	EndGlobalSection
	GlobalSection(ExtensibilityGlobals) = postSolution
		SolutionGuid = {5616EF81-49F3-439C-A67E-E45FBFED0A09}
	EndGlobalSection
EndGlobal
