
Microsoft Visual Studio Solution File, Format Version 12.00
# Visual Studio Version 16
VisualStudioVersion = 16.0.28803.352
MinimumVisualStudioVersion = 10.0.40219.1
Project("{9A19103F-16F7-4668-BE54-9A1E7A4F7556}") = "01_PersonalInformation", "..\01_PersonalInformation\01_PersonalInformation.csproj", "{F596122F-4DC4-4664-ACF0-5B497733A408}"
EndProject
Project("{9A19103F-16F7-4668-BE54-9A1E7A4F7556}") = "02_Box", "02_Box\02_Box.csproj", "{735AD6D5-2C30-4A32-BD8E-DB155B8D183F}"
EndProject
Project("{9A19103F-16F7-4668-BE54-9A1E7A4F7556}") = "03_ShoppingSpree", "03_ShoppingSpree\03_ShoppingSpree.csproj", "{08422743-3A64-4631-ADF5-F6A620D0A109}"
EndProject
Project("{9A19103F-16F7-4668-BE54-9A1E7A4F7556}") = "04_PizzaCalories", "04_PizzaCalories\04_PizzaCalories.csproj", "{3D3710F1-BC5A-4F0B-8904-EAEBA7529646}"
EndProject
Project("{FAE04EC0-301F-11D3-BF4B-00C04F79EFBC}") = "04_FootballTeam", "04_FootballTeam\04_FootballTeam.csproj", "{098895E3-D199-4ECA-AD73-896EEEC48FBA}"
EndProject
Global
	GlobalSection(SolutionConfigurationPlatforms) = preSolution
		Debug|Any CPU = Debug|Any CPU
		Release|Any CPU = Release|Any CPU
	EndGlobalSection
	GlobalSection(ProjectConfigurationPlatforms) = postSolution
		{F596122F-4DC4-4664-ACF0-5B497733A408}.Debug|Any CPU.ActiveCfg = Debug|Any CPU
		{F596122F-4DC4-4664-ACF0-5B497733A408}.Debug|Any CPU.Build.0 = Debug|Any CPU
		{F596122F-4DC4-4664-ACF0-5B497733A408}.Release|Any CPU.ActiveCfg = Release|Any CPU
		{F596122F-4DC4-4664-ACF0-5B497733A408}.Release|Any CPU.Build.0 = Release|Any CPU
		{735AD6D5-2C30-4A32-BD8E-DB155B8D183F}.Debug|Any CPU.ActiveCfg = Debug|Any CPU
		{735AD6D5-2C30-4A32-BD8E-DB155B8D183F}.Debug|Any CPU.Build.0 = Debug|Any CPU
		{735AD6D5-2C30-4A32-BD8E-DB155B8D183F}.Release|Any CPU.ActiveCfg = Release|Any CPU
		{735AD6D5-2C30-4A32-BD8E-DB155B8D183F}.Release|Any CPU.Build.0 = Release|Any CPU
		{08422743-3A64-4631-ADF5-F6A620D0A109}.Debug|Any CPU.ActiveCfg = Debug|Any CPU
		{08422743-3A64-4631-ADF5-F6A620D0A109}.Debug|Any CPU.Build.0 = Debug|Any CPU
		{08422743-3A64-4631-ADF5-F6A620D0A109}.Release|Any CPU.ActiveCfg = Release|Any CPU
		{08422743-3A64-4631-ADF5-F6A620D0A109}.Release|Any CPU.Build.0 = Release|Any CPU
		{3D3710F1-BC5A-4F0B-8904-EAEBA7529646}.Debug|Any CPU.ActiveCfg = Debug|Any CPU
		{3D3710F1-BC5A-4F0B-8904-EAEBA7529646}.Debug|Any CPU.Build.0 = Debug|Any CPU
		{3D3710F1-BC5A-4F0B-8904-EAEBA7529646}.Release|Any CPU.ActiveCfg = Release|Any CPU
		{3D3710F1-BC5A-4F0B-8904-EAEBA7529646}.Release|Any CPU.Build.0 = Release|Any CPU
		{098895E3-D199-4ECA-AD73-896EEEC48FBA}.Debug|Any CPU.ActiveCfg = Debug|Any CPU
		{098895E3-D199-4ECA-AD73-896EEEC48FBA}.Debug|Any CPU.Build.0 = Debug|Any CPU
		{098895E3-D199-4ECA-AD73-896EEEC48FBA}.Release|Any CPU.ActiveCfg = Release|Any CPU
		{098895E3-D199-4ECA-AD73-896EEEC48FBA}.Release|Any CPU.Build.0 = Release|Any CPU
	EndGlobalSection
	GlobalSection(SolutionProperties) = preSolution
		HideSolutionNode = FALSE
	EndGlobalSection
	GlobalSection(ExtensibilityGlobals) = postSolution
		SolutionGuid = {12F3A0D1-D74D-4D6E-9E06-EC66081D152D}
	EndGlobalSection
EndGlobal
