
Microsoft Visual Studio Solution File, Format Version 12.00
# Visual Studio 15
VisualStudioVersion = 15.0.27130.2024
MinimumVisualStudioVersion = 10.0.40219.1
Project("{FAE04EC0-301F-11D3-BF4B-00C04F79EFBC}") = "Lab_01_ReverseString", "Lab_01_ReverseString\Lab_01_ReverseString.csproj", "{5EACD43A-F8B4-4495-A2AB-9C4B6B8F51A7}"
EndProject
Project("{FAE04EC0-301F-11D3-BF4B-00C04F79EFBC}") = "Lab_02_SimpleCalculator", "Lab_02_SimpleCalculator\Lab_02_SimpleCalculator.csproj", "{DE0839C3-95FE-42B1-8469-4B422E5BAB2A}"
EndProject
Project("{FAE04EC0-301F-11D3-BF4B-00C04F79EFBC}") = "Lab_03_DecimalToBinary", "Lab_03_DecimalToBinary\Lab_03_DecimalToBinary.csproj", "{F4DEE0F9-A454-4B85-ABD5-BF030DA3AC2B}"
EndProject
Project("{FAE04EC0-301F-11D3-BF4B-00C04F79EFBC}") = "Lab_04_MatchingBrackets", "Lab_04_MatchingBrackets\Lab_04_MatchingBrackets.csproj", "{E6731AFB-0CD9-4D6E-8B03-8CEAEE0EF6F1}"
EndProject
Project("{FAE04EC0-301F-11D3-BF4B-00C04F79EFBC}") = "Lab_05_HotPotato", "Lab_05_HotPotato\Lab_05_HotPotato.csproj", "{BB6CB3A0-1587-4363-A176-9C2F3C69EEB2}"
EndProject
Project("{FAE04EC0-301F-11D3-BF4B-00C04F79EFBC}") = "Lab_06_TrafficJam", "Lab_06_TrafficJam\Lab_06_TrafficJam.csproj", "{6E9304C8-6F14-4C29-BBB8-102D8830F79D}"
EndProject
Project("{FAE04EC0-301F-11D3-BF4B-00C04F79EFBC}") = "Exercise_01_ReverseNumbersWithStacks", "Exercise_01_ReverseNumbersWithStacks\Exercise_01_ReverseNumbersWithStacks.csproj", "{95AEC715-E404-4691-81C5-D766A629031E}"
EndProject
Project("{FAE04EC0-301F-11D3-BF4B-00C04F79EFBC}") = "Exercise_02_StackOperations", "Exercise_02_StackOperations\Exercise_02_StackOperations.csproj", "{EF93D62B-C3FF-4983-9BB0-13D9C740244B}"
EndProject
Project("{FAE04EC0-301F-11D3-BF4B-00C04F79EFBC}") = "Exercise_03_MaximumElements", "Exercise_03_MaximumElements\Exercise_03_MaximumElements.csproj", "{12908E9A-5333-49A7-8610-D5241F9DA5E2}"
EndProject
Project("{FAE04EC0-301F-11D3-BF4B-00C04F79EFBC}") = "Exercise_04_QueueBasicOperation", "Exercise_04_QueueBasicOperation\Exercise_04_QueueBasicOperation.csproj", "{9F893B29-0A74-476F-AC12-9781CF1AB752}"
EndProject
Project("{FAE04EC0-301F-11D3-BF4B-00C04F79EFBC}") = "Exercise_05_SequenceWithQueue", "Exercise_05_SequenceWithQueue\Exercise_05_SequenceWithQueue.csproj", "{E6BAE94B-D410-42A6-8212-5775DB0623B6}"
EndProject
Project("{FAE04EC0-301F-11D3-BF4B-00C04F79EFBC}") = "Exercise_07_TruckTour", "Exercise_07_TruckTour\Exercise_07_TruckTour.csproj", "{101BCBAB-FCD7-4616-AD20-2AC5BE2B0CC2}"
EndProject
Project("{FAE04EC0-301F-11D3-BF4B-00C04F79EFBC}") = "Exercise_08_BalancedParenthesis", "Exercise_08_BalancedParenthesis\Exercise_08_BalancedParenthesis.csproj", "{7B869B64-8A99-4009-810F-BFC6C7DDCDE4}"
EndProject
Project("{FAE04EC0-301F-11D3-BF4B-00C04F79EFBC}") = "Exercise_09_RecursiveFibonachi", "Exercise_09_RecursiveFibonachi\Exercise_09_RecursiveFibonachi.csproj", "{4DADB1BF-99FE-4C40-BBE6-BDDCD2CAC095}"
EndProject
Project("{FAE04EC0-301F-11D3-BF4B-00C04F79EFBC}") = "Exercise_10_StackFibonachi", "Exercise_10_StackFibonachi\Exercise_10_StackFibonachi.csproj", "{F67C8BEC-BD07-4278-942D-70E64E282D40}"
EndProject
Project("{FAE04EC0-301F-11D3-BF4B-00C04F79EFBC}") = "Exercise_06_SimpleTextEditor", "Exercise_06_SimpleTextEditor\Exercise_06_SimpleTextEditor.csproj", "{B7300156-BF74-46BD-B2E6-95202B3D9456}"
EndProject
Project("{FAE04EC0-301F-11D3-BF4B-00C04F79EFBC}") = "Exercise_11_PoisonousPlants", "Exercise_11_PoisonousPlants\Exercise_11_PoisonousPlants.csproj", "{3A2FA26A-0784-42A0-B0C7-B4259DE90043}"
EndProject
Global
	GlobalSection(SolutionConfigurationPlatforms) = preSolution
		Debug|Any CPU = Debug|Any CPU
		Release|Any CPU = Release|Any CPU
	EndGlobalSection
	GlobalSection(ProjectConfigurationPlatforms) = postSolution
		{5EACD43A-F8B4-4495-A2AB-9C4B6B8F51A7}.Debug|Any CPU.ActiveCfg = Debug|Any CPU
		{5EACD43A-F8B4-4495-A2AB-9C4B6B8F51A7}.Debug|Any CPU.Build.0 = Debug|Any CPU
		{5EACD43A-F8B4-4495-A2AB-9C4B6B8F51A7}.Release|Any CPU.ActiveCfg = Release|Any CPU
		{5EACD43A-F8B4-4495-A2AB-9C4B6B8F51A7}.Release|Any CPU.Build.0 = Release|Any CPU
		{DE0839C3-95FE-42B1-8469-4B422E5BAB2A}.Debug|Any CPU.ActiveCfg = Debug|Any CPU
		{DE0839C3-95FE-42B1-8469-4B422E5BAB2A}.Debug|Any CPU.Build.0 = Debug|Any CPU
		{DE0839C3-95FE-42B1-8469-4B422E5BAB2A}.Release|Any CPU.ActiveCfg = Release|Any CPU
		{DE0839C3-95FE-42B1-8469-4B422E5BAB2A}.Release|Any CPU.Build.0 = Release|Any CPU
		{F4DEE0F9-A454-4B85-ABD5-BF030DA3AC2B}.Debug|Any CPU.ActiveCfg = Debug|Any CPU
		{F4DEE0F9-A454-4B85-ABD5-BF030DA3AC2B}.Debug|Any CPU.Build.0 = Debug|Any CPU
		{F4DEE0F9-A454-4B85-ABD5-BF030DA3AC2B}.Release|Any CPU.ActiveCfg = Release|Any CPU
		{F4DEE0F9-A454-4B85-ABD5-BF030DA3AC2B}.Release|Any CPU.Build.0 = Release|Any CPU
		{E6731AFB-0CD9-4D6E-8B03-8CEAEE0EF6F1}.Debug|Any CPU.ActiveCfg = Debug|Any CPU
		{E6731AFB-0CD9-4D6E-8B03-8CEAEE0EF6F1}.Debug|Any CPU.Build.0 = Debug|Any CPU
		{E6731AFB-0CD9-4D6E-8B03-8CEAEE0EF6F1}.Release|Any CPU.ActiveCfg = Release|Any CPU
		{E6731AFB-0CD9-4D6E-8B03-8CEAEE0EF6F1}.Release|Any CPU.Build.0 = Release|Any CPU
		{BB6CB3A0-1587-4363-A176-9C2F3C69EEB2}.Debug|Any CPU.ActiveCfg = Debug|Any CPU
		{BB6CB3A0-1587-4363-A176-9C2F3C69EEB2}.Debug|Any CPU.Build.0 = Debug|Any CPU
		{BB6CB3A0-1587-4363-A176-9C2F3C69EEB2}.Release|Any CPU.ActiveCfg = Release|Any CPU
		{BB6CB3A0-1587-4363-A176-9C2F3C69EEB2}.Release|Any CPU.Build.0 = Release|Any CPU
		{6E9304C8-6F14-4C29-BBB8-102D8830F79D}.Debug|Any CPU.ActiveCfg = Debug|Any CPU
		{6E9304C8-6F14-4C29-BBB8-102D8830F79D}.Debug|Any CPU.Build.0 = Debug|Any CPU
		{6E9304C8-6F14-4C29-BBB8-102D8830F79D}.Release|Any CPU.ActiveCfg = Release|Any CPU
		{6E9304C8-6F14-4C29-BBB8-102D8830F79D}.Release|Any CPU.Build.0 = Release|Any CPU
		{95AEC715-E404-4691-81C5-D766A629031E}.Debug|Any CPU.ActiveCfg = Debug|Any CPU
		{95AEC715-E404-4691-81C5-D766A629031E}.Debug|Any CPU.Build.0 = Debug|Any CPU
		{95AEC715-E404-4691-81C5-D766A629031E}.Release|Any CPU.ActiveCfg = Release|Any CPU
		{95AEC715-E404-4691-81C5-D766A629031E}.Release|Any CPU.Build.0 = Release|Any CPU
		{EF93D62B-C3FF-4983-9BB0-13D9C740244B}.Debug|Any CPU.ActiveCfg = Debug|Any CPU
		{EF93D62B-C3FF-4983-9BB0-13D9C740244B}.Debug|Any CPU.Build.0 = Debug|Any CPU
		{EF93D62B-C3FF-4983-9BB0-13D9C740244B}.Release|Any CPU.ActiveCfg = Release|Any CPU
		{EF93D62B-C3FF-4983-9BB0-13D9C740244B}.Release|Any CPU.Build.0 = Release|Any CPU
		{12908E9A-5333-49A7-8610-D5241F9DA5E2}.Debug|Any CPU.ActiveCfg = Debug|Any CPU
		{12908E9A-5333-49A7-8610-D5241F9DA5E2}.Debug|Any CPU.Build.0 = Debug|Any CPU
		{12908E9A-5333-49A7-8610-D5241F9DA5E2}.Release|Any CPU.ActiveCfg = Release|Any CPU
		{12908E9A-5333-49A7-8610-D5241F9DA5E2}.Release|Any CPU.Build.0 = Release|Any CPU
		{9F893B29-0A74-476F-AC12-9781CF1AB752}.Debug|Any CPU.ActiveCfg = Debug|Any CPU
		{9F893B29-0A74-476F-AC12-9781CF1AB752}.Debug|Any CPU.Build.0 = Debug|Any CPU
		{9F893B29-0A74-476F-AC12-9781CF1AB752}.Release|Any CPU.ActiveCfg = Release|Any CPU
		{9F893B29-0A74-476F-AC12-9781CF1AB752}.Release|Any CPU.Build.0 = Release|Any CPU
		{E6BAE94B-D410-42A6-8212-5775DB0623B6}.Debug|Any CPU.ActiveCfg = Debug|Any CPU
		{E6BAE94B-D410-42A6-8212-5775DB0623B6}.Debug|Any CPU.Build.0 = Debug|Any CPU
		{E6BAE94B-D410-42A6-8212-5775DB0623B6}.Release|Any CPU.ActiveCfg = Release|Any CPU
		{E6BAE94B-D410-42A6-8212-5775DB0623B6}.Release|Any CPU.Build.0 = Release|Any CPU
		{101BCBAB-FCD7-4616-AD20-2AC5BE2B0CC2}.Debug|Any CPU.ActiveCfg = Debug|Any CPU
		{101BCBAB-FCD7-4616-AD20-2AC5BE2B0CC2}.Debug|Any CPU.Build.0 = Debug|Any CPU
		{101BCBAB-FCD7-4616-AD20-2AC5BE2B0CC2}.Release|Any CPU.ActiveCfg = Release|Any CPU
		{101BCBAB-FCD7-4616-AD20-2AC5BE2B0CC2}.Release|Any CPU.Build.0 = Release|Any CPU
		{7B869B64-8A99-4009-810F-BFC6C7DDCDE4}.Debug|Any CPU.ActiveCfg = Debug|Any CPU
		{7B869B64-8A99-4009-810F-BFC6C7DDCDE4}.Debug|Any CPU.Build.0 = Debug|Any CPU
		{7B869B64-8A99-4009-810F-BFC6C7DDCDE4}.Release|Any CPU.ActiveCfg = Release|Any CPU
		{7B869B64-8A99-4009-810F-BFC6C7DDCDE4}.Release|Any CPU.Build.0 = Release|Any CPU
		{4DADB1BF-99FE-4C40-BBE6-BDDCD2CAC095}.Debug|Any CPU.ActiveCfg = Debug|Any CPU
		{4DADB1BF-99FE-4C40-BBE6-BDDCD2CAC095}.Debug|Any CPU.Build.0 = Debug|Any CPU
		{4DADB1BF-99FE-4C40-BBE6-BDDCD2CAC095}.Release|Any CPU.ActiveCfg = Release|Any CPU
		{4DADB1BF-99FE-4C40-BBE6-BDDCD2CAC095}.Release|Any CPU.Build.0 = Release|Any CPU
		{F67C8BEC-BD07-4278-942D-70E64E282D40}.Debug|Any CPU.ActiveCfg = Debug|Any CPU
		{F67C8BEC-BD07-4278-942D-70E64E282D40}.Debug|Any CPU.Build.0 = Debug|Any CPU
		{F67C8BEC-BD07-4278-942D-70E64E282D40}.Release|Any CPU.ActiveCfg = Release|Any CPU
		{F67C8BEC-BD07-4278-942D-70E64E282D40}.Release|Any CPU.Build.0 = Release|Any CPU
		{B7300156-BF74-46BD-B2E6-95202B3D9456}.Debug|Any CPU.ActiveCfg = Debug|Any CPU
		{B7300156-BF74-46BD-B2E6-95202B3D9456}.Debug|Any CPU.Build.0 = Debug|Any CPU
		{B7300156-BF74-46BD-B2E6-95202B3D9456}.Release|Any CPU.ActiveCfg = Release|Any CPU
		{B7300156-BF74-46BD-B2E6-95202B3D9456}.Release|Any CPU.Build.0 = Release|Any CPU
		{3A2FA26A-0784-42A0-B0C7-B4259DE90043}.Debug|Any CPU.ActiveCfg = Debug|Any CPU
		{3A2FA26A-0784-42A0-B0C7-B4259DE90043}.Debug|Any CPU.Build.0 = Debug|Any CPU
		{3A2FA26A-0784-42A0-B0C7-B4259DE90043}.Release|Any CPU.ActiveCfg = Release|Any CPU
		{3A2FA26A-0784-42A0-B0C7-B4259DE90043}.Release|Any CPU.Build.0 = Release|Any CPU
	EndGlobalSection
	GlobalSection(SolutionProperties) = preSolution
		HideSolutionNode = FALSE
	EndGlobalSection
	GlobalSection(ExtensibilityGlobals) = postSolution
		SolutionGuid = {1FFC11C9-B432-4C4B-8DA1-DE971B31DF5D}
	EndGlobalSection
EndGlobal
