
Microsoft Visual Studio Solution File, Format Version 12.00
# Visual Studio 15
VisualStudioVersion = 15.0.27130.2024
MinimumVisualStudioVersion = 10.0.40219.1
Project("{FAE04EC0-301F-11D3-BF4B-00C04F79EFBC}") = "Lab_01_DayOfWeek", "Lab_01_DayOfWeek\Lab_01_DayOfWeek.csproj", "{3E3361DA-E557-4690-B8C7-25BE7DFE8EC3}"
EndProject
Project("{FAE04EC0-301F-11D3-BF4B-00C04F79EFBC}") = "Lab_02_RandomizeWords", "Lab_02_RandomizeWords\Lab_02_RandomizeWords.csproj", "{F20CEA1C-9CC5-4352-BAB7-9814BB5998C7}"
EndProject
Project("{FAE04EC0-301F-11D3-BF4B-00C04F79EFBC}") = "Lab_03_BigFactorial", "Lab_03_BigFactorial\Lab_03_BigFactorial.csproj", "{FB479845-F13C-4835-AA99-50DF618AEFEF}"
EndProject
Project("{FAE04EC0-301F-11D3-BF4B-00C04F79EFBC}") = "Lab_04_DistanceBetweenTwoPoints", "Lab_04_DistanceBetweenTwoPoints\Lab_04_DistanceBetweenTwoPoints.csproj", "{57168D0F-0A02-4F0E-A74B-F72C86F57624}"
EndProject
Project("{FAE04EC0-301F-11D3-BF4B-00C04F79EFBC}") = "Lab_05_ClosestPoints", "Lab_05_ClosestPoints\Lab_05_ClosestPoints.csproj", "{B40D2687-D672-4028-BE1C-5D843A378D10}"
EndProject
Global
	GlobalSection(SolutionConfigurationPlatforms) = preSolution
		Debug|Any CPU = Debug|Any CPU
		Release|Any CPU = Release|Any CPU
	EndGlobalSection
	GlobalSection(ProjectConfigurationPlatforms) = postSolution
		{3E3361DA-E557-4690-B8C7-25BE7DFE8EC3}.Debug|Any CPU.ActiveCfg = Debug|Any CPU
		{3E3361DA-E557-4690-B8C7-25BE7DFE8EC3}.Debug|Any CPU.Build.0 = Debug|Any CPU
		{3E3361DA-E557-4690-B8C7-25BE7DFE8EC3}.Release|Any CPU.ActiveCfg = Release|Any CPU
		{3E3361DA-E557-4690-B8C7-25BE7DFE8EC3}.Release|Any CPU.Build.0 = Release|Any CPU
		{F20CEA1C-9CC5-4352-BAB7-9814BB5998C7}.Debug|Any CPU.ActiveCfg = Debug|Any CPU
		{F20CEA1C-9CC5-4352-BAB7-9814BB5998C7}.Debug|Any CPU.Build.0 = Debug|Any CPU
		{F20CEA1C-9CC5-4352-BAB7-9814BB5998C7}.Release|Any CPU.ActiveCfg = Release|Any CPU
		{F20CEA1C-9CC5-4352-BAB7-9814BB5998C7}.Release|Any CPU.Build.0 = Release|Any CPU
		{FB479845-F13C-4835-AA99-50DF618AEFEF}.Debug|Any CPU.ActiveCfg = Debug|Any CPU
		{FB479845-F13C-4835-AA99-50DF618AEFEF}.Debug|Any CPU.Build.0 = Debug|Any CPU
		{FB479845-F13C-4835-AA99-50DF618AEFEF}.Release|Any CPU.ActiveCfg = Release|Any CPU
		{FB479845-F13C-4835-AA99-50DF618AEFEF}.Release|Any CPU.Build.0 = Release|Any CPU
		{57168D0F-0A02-4F0E-A74B-F72C86F57624}.Debug|Any CPU.ActiveCfg = Debug|Any CPU
		{57168D0F-0A02-4F0E-A74B-F72C86F57624}.Debug|Any CPU.Build.0 = Debug|Any CPU
		{57168D0F-0A02-4F0E-A74B-F72C86F57624}.Release|Any CPU.ActiveCfg = Release|Any CPU
		{57168D0F-0A02-4F0E-A74B-F72C86F57624}.Release|Any CPU.Build.0 = Release|Any CPU
		{B40D2687-D672-4028-BE1C-5D843A378D10}.Debug|Any CPU.ActiveCfg = Debug|Any CPU
		{B40D2687-D672-4028-BE1C-5D843A378D10}.Debug|Any CPU.Build.0 = Debug|Any CPU
		{B40D2687-D672-4028-BE1C-5D843A378D10}.Release|Any CPU.ActiveCfg = Release|Any CPU
		{B40D2687-D672-4028-BE1C-5D843A378D10}.Release|Any CPU.Build.0 = Release|Any CPU
	EndGlobalSection
	GlobalSection(SolutionProperties) = preSolution
		HideSolutionNode = FALSE
	EndGlobalSection
	GlobalSection(ExtensibilityGlobals) = postSolution
		SolutionGuid = {A6267F48-26FB-4520-A3FF-2E2DA3207A2B}
	EndGlobalSection
EndGlobal
