
Microsoft Visual Studio Solution File, Format Version 12.00
# Visual Studio 15
VisualStudioVersion = 15.0.27130.2024
MinimumVisualStudioVersion = 10.0.40219.1
Project("{FAE04EC0-301F-11D3-BF4B-00C04F79EFBC}") = "Lab_01_SortEvenNumber", "Lab_01_SortEvenNumber\Lab_01_SortEvenNumber.csproj", "{924BE65A-A6C9-4C2F-B53B-6186FBD98B33}"
EndProject
Project("{FAE04EC0-301F-11D3-BF4B-00C04F79EFBC}") = "Lab_02_SumNumbers", "Lab_02_SumNumbers\Lab_02_SumNumbers.csproj", "{2546224B-F267-4D7D-A5CB-056A7AA5BE0E}"
EndProject
Project("{FAE04EC0-301F-11D3-BF4B-00C04F79EFBC}") = "Lab_03_CountUpperCaseWords", "Lab_03_CountUpperCaseWords\Lab_03_CountUpperCaseWords.csproj", "{A3AF1811-48DE-4227-B288-461A519C178F}"
EndProject
Project("{FAE04EC0-301F-11D3-BF4B-00C04F79EFBC}") = "Lab_04_AddedValue", "Lab_04_AddedValue\Lab_04_AddedValue.csproj", "{1509EFD3-C25A-47FF-9BD5-B307BDA7E1D8}"
EndProject
Project("{FAE04EC0-301F-11D3-BF4B-00C04F79EFBC}") = "Lab_05_SortByAge", "Lab_05_SortByAge\Lab_05_SortByAge.csproj", "{DBD0DCD7-4024-4FC3-BBBD-6E8B54BA4C11}"
EndProject
Project("{FAE04EC0-301F-11D3-BF4B-00C04F79EFBC}") = "Exercise_01_ActionPrint", "Exercise_01_ActionPrint\Exercise_01_ActionPrint.csproj", "{0809E7C4-88DC-4286-BA83-BEFFD53D8EE0}"
EndProject
Project("{FAE04EC0-301F-11D3-BF4B-00C04F79EFBC}") = "Exercise_02_KnightsOfHonor", "Exercise_02_KnightsOfHonor\Exercise_02_KnightsOfHonor.csproj", "{2E4EF4C5-D941-4CC2-8026-D14793D01AB1}"
EndProject
Project("{FAE04EC0-301F-11D3-BF4B-00C04F79EFBC}") = "Exercise_03_MinFunction", "Exercise_03_MinFunction\Exercise_03_MinFunction.csproj", "{9A3E78CD-47FE-45E2-8054-9C3975280FF5}"
EndProject
Project("{FAE04EC0-301F-11D3-BF4B-00C04F79EFBC}") = "Exercise_04_EvenOrOdd", "Exercise_04_EvenOrOdd\Exercise_04_EvenOrOdd.csproj", "{87061962-92A0-4B60-B583-BA819E1A86B8}"
EndProject
Project("{FAE04EC0-301F-11D3-BF4B-00C04F79EFBC}") = "Exercise_05_Arithmetics", "Exercise_05_Arithmetics\Exercise_05_Arithmetics.csproj", "{E2BC6F5C-61B0-49A1-9278-D992F6D1AFB9}"
EndProject
Project("{FAE04EC0-301F-11D3-BF4B-00C04F79EFBC}") = "Exercise_06_ExcludeAndReverse", "Exercise_06_ExcludeAndReverse\Exercise_06_ExcludeAndReverse.csproj", "{4A72C431-CDBB-4081-8D8D-3300AE820791}"
EndProject
Project("{FAE04EC0-301F-11D3-BF4B-00C04F79EFBC}") = "Exercise_07_PredicateForNames", "Exercise_07_PredicateForNames\Exercise_07_PredicateForNames.csproj", "{5B789A70-AC6D-4328-AC1B-75C3A087EC0F}"
EndProject
Project("{FAE04EC0-301F-11D3-BF4B-00C04F79EFBC}") = "Exercise_08_CustomComparator", "Exercise_08_CustomComparator\Exercise_08_CustomComparator.csproj", "{393C875E-8DF9-43C6-B275-4B6AD136C3B2}"
EndProject
Project("{FAE04EC0-301F-11D3-BF4B-00C04F79EFBC}") = "Exercise_09_ListOfPredicates", "Exercise_09_ListOfPredicates\Exercise_09_ListOfPredicates.csproj", "{8D01DA83-70A3-4982-88BC-FDB223E7C55D}"
EndProject
Project("{FAE04EC0-301F-11D3-BF4B-00C04F79EFBC}") = "Exercise_10_PredicateParty", "Exercise_10_PredicateParty\Exercise_10_PredicateParty.csproj", "{DA9C869C-2534-411B-8A20-A2415073BCBF}"
EndProject
Project("{FAE04EC0-301F-11D3-BF4B-00C04F79EFBC}") = "Exercise_11_PartyFilter", "Exercise_11_PartyFilter\Exercise_11_PartyFilter.csproj", "{5E754E1F-CE4B-4B88-84E8-1529333F1E26}"
EndProject
Project("{FAE04EC0-301F-11D3-BF4B-00C04F79EFBC}") = "Exercise_11_Inferno", "Exercise_11_Inferno\Exercise_11_Inferno.csproj", "{69810A11-F0BE-44FA-A6AC-36B657857FEF}"
EndProject
Project("{FAE04EC0-301F-11D3-BF4B-00C04F79EFBC}") = "Exercise_12_TriFunction", "Exercise_12_TriFunction\Exercise_12_TriFunction.csproj", "{E4BCF154-7EDF-4326-8AD6-EEC002E0CC31}"
EndProject
Global
	GlobalSection(SolutionConfigurationPlatforms) = preSolution
		Debug|Any CPU = Debug|Any CPU
		Debug|ARM = Debug|ARM
		Debug|x64 = Debug|x64
		Debug|x86 = Debug|x86
		Release|Any CPU = Release|Any CPU
		Release|ARM = Release|ARM
		Release|x64 = Release|x64
		Release|x86 = Release|x86
	EndGlobalSection
	GlobalSection(ProjectConfigurationPlatforms) = postSolution
		{924BE65A-A6C9-4C2F-B53B-6186FBD98B33}.Debug|Any CPU.ActiveCfg = Debug|Any CPU
		{924BE65A-A6C9-4C2F-B53B-6186FBD98B33}.Debug|Any CPU.Build.0 = Debug|Any CPU
		{924BE65A-A6C9-4C2F-B53B-6186FBD98B33}.Debug|ARM.ActiveCfg = Debug|Any CPU
		{924BE65A-A6C9-4C2F-B53B-6186FBD98B33}.Debug|ARM.Build.0 = Debug|Any CPU
		{924BE65A-A6C9-4C2F-B53B-6186FBD98B33}.Debug|x64.ActiveCfg = Debug|Any CPU
		{924BE65A-A6C9-4C2F-B53B-6186FBD98B33}.Debug|x64.Build.0 = Debug|Any CPU
		{924BE65A-A6C9-4C2F-B53B-6186FBD98B33}.Debug|x86.ActiveCfg = Debug|Any CPU
		{924BE65A-A6C9-4C2F-B53B-6186FBD98B33}.Debug|x86.Build.0 = Debug|Any CPU
		{924BE65A-A6C9-4C2F-B53B-6186FBD98B33}.Release|Any CPU.ActiveCfg = Release|Any CPU
		{924BE65A-A6C9-4C2F-B53B-6186FBD98B33}.Release|Any CPU.Build.0 = Release|Any CPU
		{924BE65A-A6C9-4C2F-B53B-6186FBD98B33}.Release|ARM.ActiveCfg = Release|Any CPU
		{924BE65A-A6C9-4C2F-B53B-6186FBD98B33}.Release|ARM.Build.0 = Release|Any CPU
		{924BE65A-A6C9-4C2F-B53B-6186FBD98B33}.Release|x64.ActiveCfg = Release|Any CPU
		{924BE65A-A6C9-4C2F-B53B-6186FBD98B33}.Release|x64.Build.0 = Release|Any CPU
		{924BE65A-A6C9-4C2F-B53B-6186FBD98B33}.Release|x86.ActiveCfg = Release|Any CPU
		{924BE65A-A6C9-4C2F-B53B-6186FBD98B33}.Release|x86.Build.0 = Release|Any CPU
		{2546224B-F267-4D7D-A5CB-056A7AA5BE0E}.Debug|Any CPU.ActiveCfg = Debug|Any CPU
		{2546224B-F267-4D7D-A5CB-056A7AA5BE0E}.Debug|Any CPU.Build.0 = Debug|Any CPU
		{2546224B-F267-4D7D-A5CB-056A7AA5BE0E}.Debug|ARM.ActiveCfg = Debug|Any CPU
		{2546224B-F267-4D7D-A5CB-056A7AA5BE0E}.Debug|ARM.Build.0 = Debug|Any CPU
		{2546224B-F267-4D7D-A5CB-056A7AA5BE0E}.Debug|x64.ActiveCfg = Debug|Any CPU
		{2546224B-F267-4D7D-A5CB-056A7AA5BE0E}.Debug|x64.Build.0 = Debug|Any CPU
		{2546224B-F267-4D7D-A5CB-056A7AA5BE0E}.Debug|x86.ActiveCfg = Debug|Any CPU
		{2546224B-F267-4D7D-A5CB-056A7AA5BE0E}.Debug|x86.Build.0 = Debug|Any CPU
		{2546224B-F267-4D7D-A5CB-056A7AA5BE0E}.Release|Any CPU.ActiveCfg = Release|Any CPU
		{2546224B-F267-4D7D-A5CB-056A7AA5BE0E}.Release|Any CPU.Build.0 = Release|Any CPU
		{2546224B-F267-4D7D-A5CB-056A7AA5BE0E}.Release|ARM.ActiveCfg = Release|Any CPU
		{2546224B-F267-4D7D-A5CB-056A7AA5BE0E}.Release|ARM.Build.0 = Release|Any CPU
		{2546224B-F267-4D7D-A5CB-056A7AA5BE0E}.Release|x64.ActiveCfg = Release|Any CPU
		{2546224B-F267-4D7D-A5CB-056A7AA5BE0E}.Release|x64.Build.0 = Release|Any CPU
		{2546224B-F267-4D7D-A5CB-056A7AA5BE0E}.Release|x86.ActiveCfg = Release|Any CPU
		{2546224B-F267-4D7D-A5CB-056A7AA5BE0E}.Release|x86.Build.0 = Release|Any CPU
		{A3AF1811-48DE-4227-B288-461A519C178F}.Debug|Any CPU.ActiveCfg = Debug|Any CPU
		{A3AF1811-48DE-4227-B288-461A519C178F}.Debug|Any CPU.Build.0 = Debug|Any CPU
		{A3AF1811-48DE-4227-B288-461A519C178F}.Debug|ARM.ActiveCfg = Debug|Any CPU
		{A3AF1811-48DE-4227-B288-461A519C178F}.Debug|ARM.Build.0 = Debug|Any CPU
		{A3AF1811-48DE-4227-B288-461A519C178F}.Debug|x64.ActiveCfg = Debug|Any CPU
		{A3AF1811-48DE-4227-B288-461A519C178F}.Debug|x64.Build.0 = Debug|Any CPU
		{A3AF1811-48DE-4227-B288-461A519C178F}.Debug|x86.ActiveCfg = Debug|Any CPU
		{A3AF1811-48DE-4227-B288-461A519C178F}.Debug|x86.Build.0 = Debug|Any CPU
		{A3AF1811-48DE-4227-B288-461A519C178F}.Release|Any CPU.ActiveCfg = Release|Any CPU
		{A3AF1811-48DE-4227-B288-461A519C178F}.Release|Any CPU.Build.0 = Release|Any CPU
		{A3AF1811-48DE-4227-B288-461A519C178F}.Release|ARM.ActiveCfg = Release|Any CPU
		{A3AF1811-48DE-4227-B288-461A519C178F}.Release|ARM.Build.0 = Release|Any CPU
		{A3AF1811-48DE-4227-B288-461A519C178F}.Release|x64.ActiveCfg = Release|Any CPU
		{A3AF1811-48DE-4227-B288-461A519C178F}.Release|x64.Build.0 = Release|Any CPU
		{A3AF1811-48DE-4227-B288-461A519C178F}.Release|x86.ActiveCfg = Release|Any CPU
		{A3AF1811-48DE-4227-B288-461A519C178F}.Release|x86.Build.0 = Release|Any CPU
		{1509EFD3-C25A-47FF-9BD5-B307BDA7E1D8}.Debug|Any CPU.ActiveCfg = Debug|Any CPU
		{1509EFD3-C25A-47FF-9BD5-B307BDA7E1D8}.Debug|Any CPU.Build.0 = Debug|Any CPU
		{1509EFD3-C25A-47FF-9BD5-B307BDA7E1D8}.Debug|ARM.ActiveCfg = Debug|Any CPU
		{1509EFD3-C25A-47FF-9BD5-B307BDA7E1D8}.Debug|ARM.Build.0 = Debug|Any CPU
		{1509EFD3-C25A-47FF-9BD5-B307BDA7E1D8}.Debug|x64.ActiveCfg = Debug|Any CPU
		{1509EFD3-C25A-47FF-9BD5-B307BDA7E1D8}.Debug|x64.Build.0 = Debug|Any CPU
		{1509EFD3-C25A-47FF-9BD5-B307BDA7E1D8}.Debug|x86.ActiveCfg = Debug|Any CPU
		{1509EFD3-C25A-47FF-9BD5-B307BDA7E1D8}.Debug|x86.Build.0 = Debug|Any CPU
		{1509EFD3-C25A-47FF-9BD5-B307BDA7E1D8}.Release|Any CPU.ActiveCfg = Release|Any CPU
		{1509EFD3-C25A-47FF-9BD5-B307BDA7E1D8}.Release|Any CPU.Build.0 = Release|Any CPU
		{1509EFD3-C25A-47FF-9BD5-B307BDA7E1D8}.Release|ARM.ActiveCfg = Release|Any CPU
		{1509EFD3-C25A-47FF-9BD5-B307BDA7E1D8}.Release|ARM.Build.0 = Release|Any CPU
		{1509EFD3-C25A-47FF-9BD5-B307BDA7E1D8}.Release|x64.ActiveCfg = Release|Any CPU
		{1509EFD3-C25A-47FF-9BD5-B307BDA7E1D8}.Release|x64.Build.0 = Release|Any CPU
		{1509EFD3-C25A-47FF-9BD5-B307BDA7E1D8}.Release|x86.ActiveCfg = Release|Any CPU
		{1509EFD3-C25A-47FF-9BD5-B307BDA7E1D8}.Release|x86.Build.0 = Release|Any CPU
		{DBD0DCD7-4024-4FC3-BBBD-6E8B54BA4C11}.Debug|Any CPU.ActiveCfg = Debug|Any CPU
		{DBD0DCD7-4024-4FC3-BBBD-6E8B54BA4C11}.Debug|Any CPU.Build.0 = Debug|Any CPU
		{DBD0DCD7-4024-4FC3-BBBD-6E8B54BA4C11}.Debug|ARM.ActiveCfg = Debug|Any CPU
		{DBD0DCD7-4024-4FC3-BBBD-6E8B54BA4C11}.Debug|ARM.Build.0 = Debug|Any CPU
		{DBD0DCD7-4024-4FC3-BBBD-6E8B54BA4C11}.Debug|x64.ActiveCfg = Debug|Any CPU
		{DBD0DCD7-4024-4FC3-BBBD-6E8B54BA4C11}.Debug|x64.Build.0 = Debug|Any CPU
		{DBD0DCD7-4024-4FC3-BBBD-6E8B54BA4C11}.Debug|x86.ActiveCfg = Debug|Any CPU
		{DBD0DCD7-4024-4FC3-BBBD-6E8B54BA4C11}.Debug|x86.Build.0 = Debug|Any CPU
		{DBD0DCD7-4024-4FC3-BBBD-6E8B54BA4C11}.Release|Any CPU.ActiveCfg = Release|Any CPU
		{DBD0DCD7-4024-4FC3-BBBD-6E8B54BA4C11}.Release|Any CPU.Build.0 = Release|Any CPU
		{DBD0DCD7-4024-4FC3-BBBD-6E8B54BA4C11}.Release|ARM.ActiveCfg = Release|Any CPU
		{DBD0DCD7-4024-4FC3-BBBD-6E8B54BA4C11}.Release|ARM.Build.0 = Release|Any CPU
		{DBD0DCD7-4024-4FC3-BBBD-6E8B54BA4C11}.Release|x64.ActiveCfg = Release|Any CPU
		{DBD0DCD7-4024-4FC3-BBBD-6E8B54BA4C11}.Release|x64.Build.0 = Release|Any CPU
		{DBD0DCD7-4024-4FC3-BBBD-6E8B54BA4C11}.Release|x86.ActiveCfg = Release|Any CPU
		{DBD0DCD7-4024-4FC3-BBBD-6E8B54BA4C11}.Release|x86.Build.0 = Release|Any CPU
		{0809E7C4-88DC-4286-BA83-BEFFD53D8EE0}.Debug|Any CPU.ActiveCfg = Debug|Any CPU
		{0809E7C4-88DC-4286-BA83-BEFFD53D8EE0}.Debug|Any CPU.Build.0 = Debug|Any CPU
		{0809E7C4-88DC-4286-BA83-BEFFD53D8EE0}.Debug|ARM.ActiveCfg = Debug|Any CPU
		{0809E7C4-88DC-4286-BA83-BEFFD53D8EE0}.Debug|ARM.Build.0 = Debug|Any CPU
		{0809E7C4-88DC-4286-BA83-BEFFD53D8EE0}.Debug|x64.ActiveCfg = Debug|Any CPU
		{0809E7C4-88DC-4286-BA83-BEFFD53D8EE0}.Debug|x64.Build.0 = Debug|Any CPU
		{0809E7C4-88DC-4286-BA83-BEFFD53D8EE0}.Debug|x86.ActiveCfg = Debug|Any CPU
		{0809E7C4-88DC-4286-BA83-BEFFD53D8EE0}.Debug|x86.Build.0 = Debug|Any CPU
		{0809E7C4-88DC-4286-BA83-BEFFD53D8EE0}.Release|Any CPU.ActiveCfg = Release|Any CPU
		{0809E7C4-88DC-4286-BA83-BEFFD53D8EE0}.Release|Any CPU.Build.0 = Release|Any CPU
		{0809E7C4-88DC-4286-BA83-BEFFD53D8EE0}.Release|ARM.ActiveCfg = Release|Any CPU
		{0809E7C4-88DC-4286-BA83-BEFFD53D8EE0}.Release|ARM.Build.0 = Release|Any CPU
		{0809E7C4-88DC-4286-BA83-BEFFD53D8EE0}.Release|x64.ActiveCfg = Release|Any CPU
		{0809E7C4-88DC-4286-BA83-BEFFD53D8EE0}.Release|x64.Build.0 = Release|Any CPU
		{0809E7C4-88DC-4286-BA83-BEFFD53D8EE0}.Release|x86.ActiveCfg = Release|Any CPU
		{0809E7C4-88DC-4286-BA83-BEFFD53D8EE0}.Release|x86.Build.0 = Release|Any CPU
		{2E4EF4C5-D941-4CC2-8026-D14793D01AB1}.Debug|Any CPU.ActiveCfg = Debug|Any CPU
		{2E4EF4C5-D941-4CC2-8026-D14793D01AB1}.Debug|Any CPU.Build.0 = Debug|Any CPU
		{2E4EF4C5-D941-4CC2-8026-D14793D01AB1}.Debug|ARM.ActiveCfg = Debug|Any CPU
		{2E4EF4C5-D941-4CC2-8026-D14793D01AB1}.Debug|ARM.Build.0 = Debug|Any CPU
		{2E4EF4C5-D941-4CC2-8026-D14793D01AB1}.Debug|x64.ActiveCfg = Debug|Any CPU
		{2E4EF4C5-D941-4CC2-8026-D14793D01AB1}.Debug|x64.Build.0 = Debug|Any CPU
		{2E4EF4C5-D941-4CC2-8026-D14793D01AB1}.Debug|x86.ActiveCfg = Debug|Any CPU
		{2E4EF4C5-D941-4CC2-8026-D14793D01AB1}.Debug|x86.Build.0 = Debug|Any CPU
		{2E4EF4C5-D941-4CC2-8026-D14793D01AB1}.Release|Any CPU.ActiveCfg = Release|Any CPU
		{2E4EF4C5-D941-4CC2-8026-D14793D01AB1}.Release|Any CPU.Build.0 = Release|Any CPU
		{2E4EF4C5-D941-4CC2-8026-D14793D01AB1}.Release|ARM.ActiveCfg = Release|Any CPU
		{2E4EF4C5-D941-4CC2-8026-D14793D01AB1}.Release|ARM.Build.0 = Release|Any CPU
		{2E4EF4C5-D941-4CC2-8026-D14793D01AB1}.Release|x64.ActiveCfg = Release|Any CPU
		{2E4EF4C5-D941-4CC2-8026-D14793D01AB1}.Release|x64.Build.0 = Release|Any CPU
		{2E4EF4C5-D941-4CC2-8026-D14793D01AB1}.Release|x86.ActiveCfg = Release|Any CPU
		{2E4EF4C5-D941-4CC2-8026-D14793D01AB1}.Release|x86.Build.0 = Release|Any CPU
		{9A3E78CD-47FE-45E2-8054-9C3975280FF5}.Debug|Any CPU.ActiveCfg = Debug|Any CPU
		{9A3E78CD-47FE-45E2-8054-9C3975280FF5}.Debug|Any CPU.Build.0 = Debug|Any CPU
		{9A3E78CD-47FE-45E2-8054-9C3975280FF5}.Debug|ARM.ActiveCfg = Debug|Any CPU
		{9A3E78CD-47FE-45E2-8054-9C3975280FF5}.Debug|ARM.Build.0 = Debug|Any CPU
		{9A3E78CD-47FE-45E2-8054-9C3975280FF5}.Debug|x64.ActiveCfg = Debug|Any CPU
		{9A3E78CD-47FE-45E2-8054-9C3975280FF5}.Debug|x64.Build.0 = Debug|Any CPU
		{9A3E78CD-47FE-45E2-8054-9C3975280FF5}.Debug|x86.ActiveCfg = Debug|Any CPU
		{9A3E78CD-47FE-45E2-8054-9C3975280FF5}.Debug|x86.Build.0 = Debug|Any CPU
		{9A3E78CD-47FE-45E2-8054-9C3975280FF5}.Release|Any CPU.ActiveCfg = Release|Any CPU
		{9A3E78CD-47FE-45E2-8054-9C3975280FF5}.Release|Any CPU.Build.0 = Release|Any CPU
		{9A3E78CD-47FE-45E2-8054-9C3975280FF5}.Release|ARM.ActiveCfg = Release|Any CPU
		{9A3E78CD-47FE-45E2-8054-9C3975280FF5}.Release|ARM.Build.0 = Release|Any CPU
		{9A3E78CD-47FE-45E2-8054-9C3975280FF5}.Release|x64.ActiveCfg = Release|Any CPU
		{9A3E78CD-47FE-45E2-8054-9C3975280FF5}.Release|x64.Build.0 = Release|Any CPU
		{9A3E78CD-47FE-45E2-8054-9C3975280FF5}.Release|x86.ActiveCfg = Release|Any CPU
		{9A3E78CD-47FE-45E2-8054-9C3975280FF5}.Release|x86.Build.0 = Release|Any CPU
		{87061962-92A0-4B60-B583-BA819E1A86B8}.Debug|Any CPU.ActiveCfg = Debug|Any CPU
		{87061962-92A0-4B60-B583-BA819E1A86B8}.Debug|Any CPU.Build.0 = Debug|Any CPU
		{87061962-92A0-4B60-B583-BA819E1A86B8}.Debug|ARM.ActiveCfg = Debug|Any CPU
		{87061962-92A0-4B60-B583-BA819E1A86B8}.Debug|ARM.Build.0 = Debug|Any CPU
		{87061962-92A0-4B60-B583-BA819E1A86B8}.Debug|x64.ActiveCfg = Debug|Any CPU
		{87061962-92A0-4B60-B583-BA819E1A86B8}.Debug|x64.Build.0 = Debug|Any CPU
		{87061962-92A0-4B60-B583-BA819E1A86B8}.Debug|x86.ActiveCfg = Debug|Any CPU
		{87061962-92A0-4B60-B583-BA819E1A86B8}.Debug|x86.Build.0 = Debug|Any CPU
		{87061962-92A0-4B60-B583-BA819E1A86B8}.Release|Any CPU.ActiveCfg = Release|Any CPU
		{87061962-92A0-4B60-B583-BA819E1A86B8}.Release|Any CPU.Build.0 = Release|Any CPU
		{87061962-92A0-4B60-B583-BA819E1A86B8}.Release|ARM.ActiveCfg = Release|Any CPU
		{87061962-92A0-4B60-B583-BA819E1A86B8}.Release|ARM.Build.0 = Release|Any CPU
		{87061962-92A0-4B60-B583-BA819E1A86B8}.Release|x64.ActiveCfg = Release|Any CPU
		{87061962-92A0-4B60-B583-BA819E1A86B8}.Release|x64.Build.0 = Release|Any CPU
		{87061962-92A0-4B60-B583-BA819E1A86B8}.Release|x86.ActiveCfg = Release|Any CPU
		{87061962-92A0-4B60-B583-BA819E1A86B8}.Release|x86.Build.0 = Release|Any CPU
		{E2BC6F5C-61B0-49A1-9278-D992F6D1AFB9}.Debug|Any CPU.ActiveCfg = Debug|Any CPU
		{E2BC6F5C-61B0-49A1-9278-D992F6D1AFB9}.Debug|Any CPU.Build.0 = Debug|Any CPU
		{E2BC6F5C-61B0-49A1-9278-D992F6D1AFB9}.Debug|ARM.ActiveCfg = Debug|Any CPU
		{E2BC6F5C-61B0-49A1-9278-D992F6D1AFB9}.Debug|ARM.Build.0 = Debug|Any CPU
		{E2BC6F5C-61B0-49A1-9278-D992F6D1AFB9}.Debug|x64.ActiveCfg = Debug|Any CPU
		{E2BC6F5C-61B0-49A1-9278-D992F6D1AFB9}.Debug|x64.Build.0 = Debug|Any CPU
		{E2BC6F5C-61B0-49A1-9278-D992F6D1AFB9}.Debug|x86.ActiveCfg = Debug|Any CPU
		{E2BC6F5C-61B0-49A1-9278-D992F6D1AFB9}.Debug|x86.Build.0 = Debug|Any CPU
		{E2BC6F5C-61B0-49A1-9278-D992F6D1AFB9}.Release|Any CPU.ActiveCfg = Release|Any CPU
		{E2BC6F5C-61B0-49A1-9278-D992F6D1AFB9}.Release|Any CPU.Build.0 = Release|Any CPU
		{E2BC6F5C-61B0-49A1-9278-D992F6D1AFB9}.Release|ARM.ActiveCfg = Release|Any CPU
		{E2BC6F5C-61B0-49A1-9278-D992F6D1AFB9}.Release|ARM.Build.0 = Release|Any CPU
		{E2BC6F5C-61B0-49A1-9278-D992F6D1AFB9}.Release|x64.ActiveCfg = Release|Any CPU
		{E2BC6F5C-61B0-49A1-9278-D992F6D1AFB9}.Release|x64.Build.0 = Release|Any CPU
		{E2BC6F5C-61B0-49A1-9278-D992F6D1AFB9}.Release|x86.ActiveCfg = Release|Any CPU
		{E2BC6F5C-61B0-49A1-9278-D992F6D1AFB9}.Release|x86.Build.0 = Release|Any CPU
		{4A72C431-CDBB-4081-8D8D-3300AE820791}.Debug|Any CPU.ActiveCfg = Debug|Any CPU
		{4A72C431-CDBB-4081-8D8D-3300AE820791}.Debug|Any CPU.Build.0 = Debug|Any CPU
		{4A72C431-CDBB-4081-8D8D-3300AE820791}.Debug|ARM.ActiveCfg = Debug|Any CPU
		{4A72C431-CDBB-4081-8D8D-3300AE820791}.Debug|ARM.Build.0 = Debug|Any CPU
		{4A72C431-CDBB-4081-8D8D-3300AE820791}.Debug|x64.ActiveCfg = Debug|Any CPU
		{4A72C431-CDBB-4081-8D8D-3300AE820791}.Debug|x64.Build.0 = Debug|Any CPU
		{4A72C431-CDBB-4081-8D8D-3300AE820791}.Debug|x86.ActiveCfg = Debug|Any CPU
		{4A72C431-CDBB-4081-8D8D-3300AE820791}.Debug|x86.Build.0 = Debug|Any CPU
		{4A72C431-CDBB-4081-8D8D-3300AE820791}.Release|Any CPU.ActiveCfg = Release|Any CPU
		{4A72C431-CDBB-4081-8D8D-3300AE820791}.Release|Any CPU.Build.0 = Release|Any CPU
		{4A72C431-CDBB-4081-8D8D-3300AE820791}.Release|ARM.ActiveCfg = Release|Any CPU
		{4A72C431-CDBB-4081-8D8D-3300AE820791}.Release|ARM.Build.0 = Release|Any CPU
		{4A72C431-CDBB-4081-8D8D-3300AE820791}.Release|x64.ActiveCfg = Release|Any CPU
		{4A72C431-CDBB-4081-8D8D-3300AE820791}.Release|x64.Build.0 = Release|Any CPU
		{4A72C431-CDBB-4081-8D8D-3300AE820791}.Release|x86.ActiveCfg = Release|Any CPU
		{4A72C431-CDBB-4081-8D8D-3300AE820791}.Release|x86.Build.0 = Release|Any CPU
		{5B789A70-AC6D-4328-AC1B-75C3A087EC0F}.Debug|Any CPU.ActiveCfg = Debug|Any CPU
		{5B789A70-AC6D-4328-AC1B-75C3A087EC0F}.Debug|Any CPU.Build.0 = Debug|Any CPU
		{5B789A70-AC6D-4328-AC1B-75C3A087EC0F}.Debug|ARM.ActiveCfg = Debug|Any CPU
		{5B789A70-AC6D-4328-AC1B-75C3A087EC0F}.Debug|ARM.Build.0 = Debug|Any CPU
		{5B789A70-AC6D-4328-AC1B-75C3A087EC0F}.Debug|x64.ActiveCfg = Debug|Any CPU
		{5B789A70-AC6D-4328-AC1B-75C3A087EC0F}.Debug|x64.Build.0 = Debug|Any CPU
		{5B789A70-AC6D-4328-AC1B-75C3A087EC0F}.Debug|x86.ActiveCfg = Debug|Any CPU
		{5B789A70-AC6D-4328-AC1B-75C3A087EC0F}.Debug|x86.Build.0 = Debug|Any CPU
		{5B789A70-AC6D-4328-AC1B-75C3A087EC0F}.Release|Any CPU.ActiveCfg = Release|Any CPU
		{5B789A70-AC6D-4328-AC1B-75C3A087EC0F}.Release|Any CPU.Build.0 = Release|Any CPU
		{5B789A70-AC6D-4328-AC1B-75C3A087EC0F}.Release|ARM.ActiveCfg = Release|Any CPU
		{5B789A70-AC6D-4328-AC1B-75C3A087EC0F}.Release|ARM.Build.0 = Release|Any CPU
		{5B789A70-AC6D-4328-AC1B-75C3A087EC0F}.Release|x64.ActiveCfg = Release|Any CPU
		{5B789A70-AC6D-4328-AC1B-75C3A087EC0F}.Release|x64.Build.0 = Release|Any CPU
		{5B789A70-AC6D-4328-AC1B-75C3A087EC0F}.Release|x86.ActiveCfg = Release|Any CPU
		{5B789A70-AC6D-4328-AC1B-75C3A087EC0F}.Release|x86.Build.0 = Release|Any CPU
		{393C875E-8DF9-43C6-B275-4B6AD136C3B2}.Debug|Any CPU.ActiveCfg = Debug|Any CPU
		{393C875E-8DF9-43C6-B275-4B6AD136C3B2}.Debug|Any CPU.Build.0 = Debug|Any CPU
		{393C875E-8DF9-43C6-B275-4B6AD136C3B2}.Debug|ARM.ActiveCfg = Debug|Any CPU
		{393C875E-8DF9-43C6-B275-4B6AD136C3B2}.Debug|ARM.Build.0 = Debug|Any CPU
		{393C875E-8DF9-43C6-B275-4B6AD136C3B2}.Debug|x64.ActiveCfg = Debug|Any CPU
		{393C875E-8DF9-43C6-B275-4B6AD136C3B2}.Debug|x64.Build.0 = Debug|Any CPU
		{393C875E-8DF9-43C6-B275-4B6AD136C3B2}.Debug|x86.ActiveCfg = Debug|Any CPU
		{393C875E-8DF9-43C6-B275-4B6AD136C3B2}.Debug|x86.Build.0 = Debug|Any CPU
		{393C875E-8DF9-43C6-B275-4B6AD136C3B2}.Release|Any CPU.ActiveCfg = Release|Any CPU
		{393C875E-8DF9-43C6-B275-4B6AD136C3B2}.Release|Any CPU.Build.0 = Release|Any CPU
		{393C875E-8DF9-43C6-B275-4B6AD136C3B2}.Release|ARM.ActiveCfg = Release|Any CPU
		{393C875E-8DF9-43C6-B275-4B6AD136C3B2}.Release|ARM.Build.0 = Release|Any CPU
		{393C875E-8DF9-43C6-B275-4B6AD136C3B2}.Release|x64.ActiveCfg = Release|Any CPU
		{393C875E-8DF9-43C6-B275-4B6AD136C3B2}.Release|x64.Build.0 = Release|Any CPU
		{393C875E-8DF9-43C6-B275-4B6AD136C3B2}.Release|x86.ActiveCfg = Release|Any CPU
		{393C875E-8DF9-43C6-B275-4B6AD136C3B2}.Release|x86.Build.0 = Release|Any CPU
		{8D01DA83-70A3-4982-88BC-FDB223E7C55D}.Debug|Any CPU.ActiveCfg = Debug|Any CPU
		{8D01DA83-70A3-4982-88BC-FDB223E7C55D}.Debug|Any CPU.Build.0 = Debug|Any CPU
		{8D01DA83-70A3-4982-88BC-FDB223E7C55D}.Debug|ARM.ActiveCfg = Debug|Any CPU
		{8D01DA83-70A3-4982-88BC-FDB223E7C55D}.Debug|ARM.Build.0 = Debug|Any CPU
		{8D01DA83-70A3-4982-88BC-FDB223E7C55D}.Debug|x64.ActiveCfg = Debug|Any CPU
		{8D01DA83-70A3-4982-88BC-FDB223E7C55D}.Debug|x64.Build.0 = Debug|Any CPU
		{8D01DA83-70A3-4982-88BC-FDB223E7C55D}.Debug|x86.ActiveCfg = Debug|Any CPU
		{8D01DA83-70A3-4982-88BC-FDB223E7C55D}.Debug|x86.Build.0 = Debug|Any CPU
		{8D01DA83-70A3-4982-88BC-FDB223E7C55D}.Release|Any CPU.ActiveCfg = Release|Any CPU
		{8D01DA83-70A3-4982-88BC-FDB223E7C55D}.Release|Any CPU.Build.0 = Release|Any CPU
		{8D01DA83-70A3-4982-88BC-FDB223E7C55D}.Release|ARM.ActiveCfg = Release|Any CPU
		{8D01DA83-70A3-4982-88BC-FDB223E7C55D}.Release|ARM.Build.0 = Release|Any CPU
		{8D01DA83-70A3-4982-88BC-FDB223E7C55D}.Release|x64.ActiveCfg = Release|Any CPU
		{8D01DA83-70A3-4982-88BC-FDB223E7C55D}.Release|x64.Build.0 = Release|Any CPU
		{8D01DA83-70A3-4982-88BC-FDB223E7C55D}.Release|x86.ActiveCfg = Release|Any CPU
		{8D01DA83-70A3-4982-88BC-FDB223E7C55D}.Release|x86.Build.0 = Release|Any CPU
		{DA9C869C-2534-411B-8A20-A2415073BCBF}.Debug|Any CPU.ActiveCfg = Debug|Any CPU
		{DA9C869C-2534-411B-8A20-A2415073BCBF}.Debug|Any CPU.Build.0 = Debug|Any CPU
		{DA9C869C-2534-411B-8A20-A2415073BCBF}.Debug|ARM.ActiveCfg = Debug|Any CPU
		{DA9C869C-2534-411B-8A20-A2415073BCBF}.Debug|ARM.Build.0 = Debug|Any CPU
		{DA9C869C-2534-411B-8A20-A2415073BCBF}.Debug|x64.ActiveCfg = Debug|Any CPU
		{DA9C869C-2534-411B-8A20-A2415073BCBF}.Debug|x64.Build.0 = Debug|Any CPU
		{DA9C869C-2534-411B-8A20-A2415073BCBF}.Debug|x86.ActiveCfg = Debug|Any CPU
		{DA9C869C-2534-411B-8A20-A2415073BCBF}.Debug|x86.Build.0 = Debug|Any CPU
		{DA9C869C-2534-411B-8A20-A2415073BCBF}.Release|Any CPU.ActiveCfg = Release|Any CPU
		{DA9C869C-2534-411B-8A20-A2415073BCBF}.Release|Any CPU.Build.0 = Release|Any CPU
		{DA9C869C-2534-411B-8A20-A2415073BCBF}.Release|ARM.ActiveCfg = Release|Any CPU
		{DA9C869C-2534-411B-8A20-A2415073BCBF}.Release|ARM.Build.0 = Release|Any CPU
		{DA9C869C-2534-411B-8A20-A2415073BCBF}.Release|x64.ActiveCfg = Release|Any CPU
		{DA9C869C-2534-411B-8A20-A2415073BCBF}.Release|x64.Build.0 = Release|Any CPU
		{DA9C869C-2534-411B-8A20-A2415073BCBF}.Release|x86.ActiveCfg = Release|Any CPU
		{DA9C869C-2534-411B-8A20-A2415073BCBF}.Release|x86.Build.0 = Release|Any CPU
		{5E754E1F-CE4B-4B88-84E8-1529333F1E26}.Debug|Any CPU.ActiveCfg = Debug|Any CPU
		{5E754E1F-CE4B-4B88-84E8-1529333F1E26}.Debug|Any CPU.Build.0 = Debug|Any CPU
		{5E754E1F-CE4B-4B88-84E8-1529333F1E26}.Debug|ARM.ActiveCfg = Debug|Any CPU
		{5E754E1F-CE4B-4B88-84E8-1529333F1E26}.Debug|ARM.Build.0 = Debug|Any CPU
		{5E754E1F-CE4B-4B88-84E8-1529333F1E26}.Debug|x64.ActiveCfg = Debug|Any CPU
		{5E754E1F-CE4B-4B88-84E8-1529333F1E26}.Debug|x64.Build.0 = Debug|Any CPU
		{5E754E1F-CE4B-4B88-84E8-1529333F1E26}.Debug|x86.ActiveCfg = Debug|Any CPU
		{5E754E1F-CE4B-4B88-84E8-1529333F1E26}.Debug|x86.Build.0 = Debug|Any CPU
		{5E754E1F-CE4B-4B88-84E8-1529333F1E26}.Release|Any CPU.ActiveCfg = Release|Any CPU
		{5E754E1F-CE4B-4B88-84E8-1529333F1E26}.Release|Any CPU.Build.0 = Release|Any CPU
		{5E754E1F-CE4B-4B88-84E8-1529333F1E26}.Release|ARM.ActiveCfg = Release|Any CPU
		{5E754E1F-CE4B-4B88-84E8-1529333F1E26}.Release|ARM.Build.0 = Release|Any CPU
		{5E754E1F-CE4B-4B88-84E8-1529333F1E26}.Release|x64.ActiveCfg = Release|Any CPU
		{5E754E1F-CE4B-4B88-84E8-1529333F1E26}.Release|x64.Build.0 = Release|Any CPU
		{5E754E1F-CE4B-4B88-84E8-1529333F1E26}.Release|x86.ActiveCfg = Release|Any CPU
		{5E754E1F-CE4B-4B88-84E8-1529333F1E26}.Release|x86.Build.0 = Release|Any CPU
		{69810A11-F0BE-44FA-A6AC-36B657857FEF}.Debug|Any CPU.ActiveCfg = Debug|Any CPU
		{69810A11-F0BE-44FA-A6AC-36B657857FEF}.Debug|Any CPU.Build.0 = Debug|Any CPU
		{69810A11-F0BE-44FA-A6AC-36B657857FEF}.Debug|ARM.ActiveCfg = Debug|Any CPU
		{69810A11-F0BE-44FA-A6AC-36B657857FEF}.Debug|ARM.Build.0 = Debug|Any CPU
		{69810A11-F0BE-44FA-A6AC-36B657857FEF}.Debug|x64.ActiveCfg = Debug|Any CPU
		{69810A11-F0BE-44FA-A6AC-36B657857FEF}.Debug|x64.Build.0 = Debug|Any CPU
		{69810A11-F0BE-44FA-A6AC-36B657857FEF}.Debug|x86.ActiveCfg = Debug|Any CPU
		{69810A11-F0BE-44FA-A6AC-36B657857FEF}.Debug|x86.Build.0 = Debug|Any CPU
		{69810A11-F0BE-44FA-A6AC-36B657857FEF}.Release|Any CPU.ActiveCfg = Release|Any CPU
		{69810A11-F0BE-44FA-A6AC-36B657857FEF}.Release|Any CPU.Build.0 = Release|Any CPU
		{69810A11-F0BE-44FA-A6AC-36B657857FEF}.Release|ARM.ActiveCfg = Release|Any CPU
		{69810A11-F0BE-44FA-A6AC-36B657857FEF}.Release|ARM.Build.0 = Release|Any CPU
		{69810A11-F0BE-44FA-A6AC-36B657857FEF}.Release|x64.ActiveCfg = Release|Any CPU
		{69810A11-F0BE-44FA-A6AC-36B657857FEF}.Release|x64.Build.0 = Release|Any CPU
		{69810A11-F0BE-44FA-A6AC-36B657857FEF}.Release|x86.ActiveCfg = Release|Any CPU
		{69810A11-F0BE-44FA-A6AC-36B657857FEF}.Release|x86.Build.0 = Release|Any CPU
		{E4BCF154-7EDF-4326-8AD6-EEC002E0CC31}.Debug|Any CPU.ActiveCfg = Debug|Any CPU
		{E4BCF154-7EDF-4326-8AD6-EEC002E0CC31}.Debug|Any CPU.Build.0 = Debug|Any CPU
		{E4BCF154-7EDF-4326-8AD6-EEC002E0CC31}.Debug|ARM.ActiveCfg = Debug|Any CPU
		{E4BCF154-7EDF-4326-8AD6-EEC002E0CC31}.Debug|ARM.Build.0 = Debug|Any CPU
		{E4BCF154-7EDF-4326-8AD6-EEC002E0CC31}.Debug|x64.ActiveCfg = Debug|Any CPU
		{E4BCF154-7EDF-4326-8AD6-EEC002E0CC31}.Debug|x64.Build.0 = Debug|Any CPU
		{E4BCF154-7EDF-4326-8AD6-EEC002E0CC31}.Debug|x86.ActiveCfg = Debug|Any CPU
		{E4BCF154-7EDF-4326-8AD6-EEC002E0CC31}.Debug|x86.Build.0 = Debug|Any CPU
		{E4BCF154-7EDF-4326-8AD6-EEC002E0CC31}.Release|Any CPU.ActiveCfg = Release|Any CPU
		{E4BCF154-7EDF-4326-8AD6-EEC002E0CC31}.Release|Any CPU.Build.0 = Release|Any CPU
		{E4BCF154-7EDF-4326-8AD6-EEC002E0CC31}.Release|ARM.ActiveCfg = Release|Any CPU
		{E4BCF154-7EDF-4326-8AD6-EEC002E0CC31}.Release|ARM.Build.0 = Release|Any CPU
		{E4BCF154-7EDF-4326-8AD6-EEC002E0CC31}.Release|x64.ActiveCfg = Release|Any CPU
		{E4BCF154-7EDF-4326-8AD6-EEC002E0CC31}.Release|x64.Build.0 = Release|Any CPU
		{E4BCF154-7EDF-4326-8AD6-EEC002E0CC31}.Release|x86.ActiveCfg = Release|Any CPU
		{E4BCF154-7EDF-4326-8AD6-EEC002E0CC31}.Release|x86.Build.0 = Release|Any CPU
	EndGlobalSection
	GlobalSection(SolutionProperties) = preSolution
		HideSolutionNode = FALSE
	EndGlobalSection
	GlobalSection(ExtensibilityGlobals) = postSolution
		SolutionGuid = {5430CF11-2456-4CD0-A2FB-198452AF7D57}
	EndGlobalSection
EndGlobal
