
Microsoft Visual Studio Solution File, Format Version 12.00
# Visual Studio 15
VisualStudioVersion = 15.0.27130.2024
MinimumVisualStudioVersion = 10.0.40219.1
Project("{FAE04EC0-301F-11D3-BF4B-00C04F79EFBC}") = "Lab_01_ReverseString", "Lab_01_ReverseString\Lab_01_ReverseString.csproj", "{B89A64B1-13A4-48DD-A2A0-3DDADB915EAF}"
EndProject
Project("{FAE04EC0-301F-11D3-BF4B-00C04F79EFBC}") = "Lab_02_NumberOfOccurrences", "Lab_02_NumberOfOccurrences\Lab_02_NumberOfOccurrences.csproj", "{7BD15CC2-0220-4785-AADF-7324DD877875}"
EndProject
Project("{FAE04EC0-301F-11D3-BF4B-00C04F79EFBC}") = "Lab_03_TextFilter", "Lab_03_TextFilter\Lab_03_TextFilter.csproj", "{48C2F656-622D-4D9B-A7D6-F2A1D8101CA3}"
EndProject
Global
	GlobalSection(SolutionConfigurationPlatforms) = preSolution
		Debug|Any CPU = Debug|Any CPU
		Release|Any CPU = Release|Any CPU
	EndGlobalSection
	GlobalSection(ProjectConfigurationPlatforms) = postSolution
		{B89A64B1-13A4-48DD-A2A0-3DDADB915EAF}.Debug|Any CPU.ActiveCfg = Debug|Any CPU
		{B89A64B1-13A4-48DD-A2A0-3DDADB915EAF}.Debug|Any CPU.Build.0 = Debug|Any CPU
		{B89A64B1-13A4-48DD-A2A0-3DDADB915EAF}.Release|Any CPU.ActiveCfg = Release|Any CPU
		{B89A64B1-13A4-48DD-A2A0-3DDADB915EAF}.Release|Any CPU.Build.0 = Release|Any CPU
		{7BD15CC2-0220-4785-AADF-7324DD877875}.Debug|Any CPU.ActiveCfg = Debug|Any CPU
		{7BD15CC2-0220-4785-AADF-7324DD877875}.Debug|Any CPU.Build.0 = Debug|Any CPU
		{7BD15CC2-0220-4785-AADF-7324DD877875}.Release|Any CPU.ActiveCfg = Release|Any CPU
		{7BD15CC2-0220-4785-AADF-7324DD877875}.Release|Any CPU.Build.0 = Release|Any CPU
		{48C2F656-622D-4D9B-A7D6-F2A1D8101CA3}.Debug|Any CPU.ActiveCfg = Debug|Any CPU
		{48C2F656-622D-4D9B-A7D6-F2A1D8101CA3}.Debug|Any CPU.Build.0 = Debug|Any CPU
		{48C2F656-622D-4D9B-A7D6-F2A1D8101CA3}.Release|Any CPU.ActiveCfg = Release|Any CPU
		{48C2F656-622D-4D9B-A7D6-F2A1D8101CA3}.Release|Any CPU.Build.0 = Release|Any CPU
	EndGlobalSection
	GlobalSection(SolutionProperties) = preSolution
		HideSolutionNode = FALSE
	EndGlobalSection
	GlobalSection(ExtensibilityGlobals) = postSolution
		SolutionGuid = {16407AB1-DAE9-42C8-B9C8-01998285AFB6}
	EndGlobalSection
EndGlobal
